
Microsoft Visual Studio Solution File, Format Version 12.00
# Visual Studio Version 17
VisualStudioVersion = 17.4.33205.214
MinimumVisualStudioVersion = 10.0.40219.1
Project("{2150E333-8FDC-42A3-9474-1A3956D46DE8}") = "Presentation", "Presentation", "{100C6D4B-44D9-4699-B1E6-08B3DD95899E}"
EndProject
Project("{2150E333-8FDC-42A3-9474-1A3956D46DE8}") = "Bussiness Services", "Bussiness Services", "{A4E5A5A8-4C51-4C7A-8A99-6E0DFD082625}"
EndProject
Project("{2150E333-8FDC-42A3-9474-1A3956D46DE8}") = "Infrastructure", "Infrastructure", "{38EF1D99-02EF-461B-A0BA-D1FEE73EEC62}"
EndProject
Project("{2150E333-8FDC-42A3-9474-1A3956D46DE8}") = "Repositories", "Repositories", "{373071AF-B608-4940-A6C0-B3B048E8FAB3}"
EndProject
Project("{9A19103F-16F7-4668-BE54-9A1E7A4F7556}") = "VM.Data", "Repositories\VM.Data\VM.Data.csproj", "{3633877A-C429-4DB4-86DF-FA5079679835}"
EndProject
Project("{9A19103F-16F7-4668-BE54-9A1E7A4F7556}") = "VM.Data.Models", "VM.Data.Models\VM.Data.Models.csproj", "{C485D1FD-62A7-4D17-9961-71915A31AC97}"
EndProject
Project("{9A19103F-16F7-4668-BE54-9A1E7A4F7556}") = "Vehicle_Managment_System", "Presentation\Vehicle Managment System\Vehicle_Managment_System.csproj", "{7043EF32-5112-4B06-8DCC-A568B3294982}"
EndProject
Project("{9A19103F-16F7-4668-BE54-9A1E7A4F7556}") = "VM.Bussiness.Models", "Business Services\VM.Bussiness.Models\VM.Bussiness.Models.csproj", "{5B42EDD3-4717-4302-93A1-2CCBB6A6DA79}"
EndProject
Project("{9A19103F-16F7-4668-BE54-9A1E7A4F7556}") = "VM.Bussiness.DataServices", "Business Services\VM.Bussiness.DataServices\VM.Bussiness.DataServices.csproj", "{F5428F9D-B474-45C5-BE4C-0E96933658E1}"
EndProject
Project("{9A19103F-16F7-4668-BE54-9A1E7A4F7556}") = "VM.Bussiness.Interfaces", "Business Services\VM.Bussiness.Interfaces\VM.Bussiness.Interfaces.csproj", "{D0E5F4C4-B7D7-4FF7-B5A0-19F75CE58572}"
EndProject
Project("{9A19103F-16F7-4668-BE54-9A1E7A4F7556}") = "VM.DependencyInjection", "Infrastructure\VM.DependencyInjection\VM.DependencyInjection.csproj", "{962A0165-7F14-4515-A5C6-5277FB67D0A2}"
EndProject
Project("{9A19103F-16F7-4668-BE54-9A1E7A4F7556}") = "VM.Data.Interfaces", "Repositories\VM.Data.Interfaces\VM.Data.Interfaces.csproj", "{E13F59FB-5E09-49B5-93D6-E4F3C21F2B08}"
EndProject
Global
	GlobalSection(SolutionConfigurationPlatforms) = preSolution
		Debug|Any CPU = Debug|Any CPU
		Release|Any CPU = Release|Any CPU
	EndGlobalSection
	GlobalSection(ProjectConfigurationPlatforms) = postSolution
		{3633877A-C429-4DB4-86DF-FA5079679835}.Debug|Any CPU.ActiveCfg = Debug|Any CPU
		{3633877A-C429-4DB4-86DF-FA5079679835}.Debug|Any CPU.Build.0 = Debug|Any CPU
		{3633877A-C429-4DB4-86DF-FA5079679835}.Release|Any CPU.ActiveCfg = Release|Any CPU
		{3633877A-C429-4DB4-86DF-FA5079679835}.Release|Any CPU.Build.0 = Release|Any CPU
		{C485D1FD-62A7-4D17-9961-71915A31AC97}.Debug|Any CPU.ActiveCfg = Debug|Any CPU
		{C485D1FD-62A7-4D17-9961-71915A31AC97}.Debug|Any CPU.Build.0 = Debug|Any CPU
		{C485D1FD-62A7-4D17-9961-71915A31AC97}.Release|Any CPU.ActiveCfg = Release|Any CPU
		{C485D1FD-62A7-4D17-9961-71915A31AC97}.Release|Any CPU.Build.0 = Release|Any CPU
		{7043EF32-5112-4B06-8DCC-A568B3294982}.Debug|Any CPU.ActiveCfg = Debug|Any CPU
		{7043EF32-5112-4B06-8DCC-A568B3294982}.Debug|Any CPU.Build.0 = Debug|Any CPU
		{7043EF32-5112-4B06-8DCC-A568B3294982}.Release|Any CPU.ActiveCfg = Release|Any CPU
		{7043EF32-5112-4B06-8DCC-A568B3294982}.Release|Any CPU.Build.0 = Release|Any CPU
		{5B42EDD3-4717-4302-93A1-2CCBB6A6DA79}.Debug|Any CPU.ActiveCfg = Debug|Any CPU
		{5B42EDD3-4717-4302-93A1-2CCBB6A6DA79}.Debug|Any CPU.Build.0 = Debug|Any CPU
		{5B42EDD3-4717-4302-93A1-2CCBB6A6DA79}.Release|Any CPU.ActiveCfg = Release|Any CPU
		{5B42EDD3-4717-4302-93A1-2CCBB6A6DA79}.Release|Any CPU.Build.0 = Release|Any CPU
		{F5428F9D-B474-45C5-BE4C-0E96933658E1}.Debug|Any CPU.ActiveCfg = Debug|Any CPU
		{F5428F9D-B474-45C5-BE4C-0E96933658E1}.Debug|Any CPU.Build.0 = Debug|Any CPU
		{F5428F9D-B474-45C5-BE4C-0E96933658E1}.Release|Any CPU.ActiveCfg = Release|Any CPU
		{F5428F9D-B474-45C5-BE4C-0E96933658E1}.Release|Any CPU.Build.0 = Release|Any CPU
		{D0E5F4C4-B7D7-4FF7-B5A0-19F75CE58572}.Debug|Any CPU.ActiveCfg = Debug|Any CPU
		{D0E5F4C4-B7D7-4FF7-B5A0-19F75CE58572}.Debug|Any CPU.Build.0 = Debug|Any CPU
		{D0E5F4C4-B7D7-4FF7-B5A0-19F75CE58572}.Release|Any CPU.ActiveCfg = Release|Any CPU
		{D0E5F4C4-B7D7-4FF7-B5A0-19F75CE58572}.Release|Any CPU.Build.0 = Release|Any CPU
		{962A0165-7F14-4515-A5C6-5277FB67D0A2}.Debug|Any CPU.ActiveCfg = Debug|Any CPU
		{962A0165-7F14-4515-A5C6-5277FB67D0A2}.Debug|Any CPU.Build.0 = Debug|Any CPU
		{962A0165-7F14-4515-A5C6-5277FB67D0A2}.Release|Any CPU.ActiveCfg = Release|Any CPU
		{962A0165-7F14-4515-A5C6-5277FB67D0A2}.Release|Any CPU.Build.0 = Release|Any CPU
		{E13F59FB-5E09-49B5-93D6-E4F3C21F2B08}.Debug|Any CPU.ActiveCfg = Debug|Any CPU
		{E13F59FB-5E09-49B5-93D6-E4F3C21F2B08}.Debug|Any CPU.Build.0 = Debug|Any CPU
		{E13F59FB-5E09-49B5-93D6-E4F3C21F2B08}.Release|Any CPU.ActiveCfg = Release|Any CPU
		{E13F59FB-5E09-49B5-93D6-E4F3C21F2B08}.Release|Any CPU.Build.0 = Release|Any CPU
	EndGlobalSection
	GlobalSection(SolutionProperties) = preSolution
		HideSolutionNode = FALSE
	EndGlobalSection
	GlobalSection(NestedProjects) = preSolution
		{3633877A-C429-4DB4-86DF-FA5079679835} = {373071AF-B608-4940-A6C0-B3B048E8FAB3}
		{C485D1FD-62A7-4D17-9961-71915A31AC97} = {373071AF-B608-4940-A6C0-B3B048E8FAB3}
		{7043EF32-5112-4B06-8DCC-A568B3294982} = {100C6D4B-44D9-4699-B1E6-08B3DD95899E}
		{5B42EDD3-4717-4302-93A1-2CCBB6A6DA79} = {A4E5A5A8-4C51-4C7A-8A99-6E0DFD082625}
		{F5428F9D-B474-45C5-BE4C-0E96933658E1} = {A4E5A5A8-4C51-4C7A-8A99-6E0DFD082625}
		{D0E5F4C4-B7D7-4FF7-B5A0-19F75CE58572} = {A4E5A5A8-4C51-4C7A-8A99-6E0DFD082625}
		{962A0165-7F14-4515-A5C6-5277FB67D0A2} = {38EF1D99-02EF-461B-A0BA-D1FEE73EEC62}
		{E13F59FB-5E09-49B5-93D6-E4F3C21F2B08} = {373071AF-B608-4940-A6C0-B3B048E8FAB3}
	EndGlobalSection
	GlobalSection(ExtensibilityGlobals) = postSolution
		SolutionGuid = {187F38EF-7575-4091-B6A6-659B984EF057}
	EndGlobalSection
EndGlobal
